
Microsoft Visual Studio Solution File, Format Version 12.00
# Visual Studio 15
VisualStudioVersion = 15.0.26228.4
MinimumVisualStudioVersion = 10.0.40219.1
Project("{FAE04EC0-301F-11D3-BF4B-00C04F79EFBC}") = "Nebuteater.Data", "src\Nebuteater.Data\Nebuteater.Data.csproj", "{D24A61B6-36C1-4418-8BD9-9E8CBDAFE7F4}"
EndProject
Project("{FAE04EC0-301F-11D3-BF4B-00C04F79EFBC}") = "Nebuteater.Models", "src\Nebuteater.Models\Nebuteater.Models.csproj", "{96BAEBB1-DD86-455C-BCD1-DCD7B435C36B}"
EndProject
Project("{FAE04EC0-301F-11D3-BF4B-00C04F79EFBC}") = "Nebuteater.Services", "src\Nebuteater.Services\Nebuteater.Services.csproj", "{3C9C58DD-48C9-47E9-95F0-3A23718B362E}"
EndProject
Project("{FAE04EC0-301F-11D3-BF4B-00C04F79EFBC}") = "Nebuteater.Web", "src\Nebuteater.Web\Nebuteater.Web.csproj", "{E720F2DB-5C05-4E59-AFAB-9834CE2D575B}"
EndProject
Project("{FAE04EC0-301F-11D3-BF4B-00C04F79EFBC}") = "Nebuteater.Tests", "src\Nebuteater.Tests\Nebuteater.Tests.csproj", "{65104BA2-77B6-42AF-AFFE-96B44536F7E2}"
EndProject
Project("{FAE04EC0-301F-11D3-BF4B-00C04F79EFBC}") = "Nebuteater.Identity", "src\Nebuteater.Identity\Nebuteater.Identity.csproj", "{ADC2D42A-2F39-40CB-95B3-08EC2F785D32}"
EndProject
Global
	GlobalSection(SolutionConfigurationPlatforms) = preSolution
		Debug|Any CPU = Debug|Any CPU
		Debug|ARM = Debug|ARM
		Debug|x64 = Debug|x64
		Debug|x86 = Debug|x86
		Release|Any CPU = Release|Any CPU
		Release|ARM = Release|ARM
		Release|x64 = Release|x64
		Release|x86 = Release|x86
	EndGlobalSection
	GlobalSection(ProjectConfigurationPlatforms) = postSolution
		{D24A61B6-36C1-4418-8BD9-9E8CBDAFE7F4}.Debug|Any CPU.ActiveCfg = Debug|Any CPU
		{D24A61B6-36C1-4418-8BD9-9E8CBDAFE7F4}.Debug|Any CPU.Build.0 = Debug|Any CPU
		{D24A61B6-36C1-4418-8BD9-9E8CBDAFE7F4}.Debug|ARM.ActiveCfg = Debug|Any CPU
		{D24A61B6-36C1-4418-8BD9-9E8CBDAFE7F4}.Debug|ARM.Build.0 = Debug|Any CPU
		{D24A61B6-36C1-4418-8BD9-9E8CBDAFE7F4}.Debug|x64.ActiveCfg = Debug|Any CPU
		{D24A61B6-36C1-4418-8BD9-9E8CBDAFE7F4}.Debug|x64.Build.0 = Debug|Any CPU
		{D24A61B6-36C1-4418-8BD9-9E8CBDAFE7F4}.Debug|x86.ActiveCfg = Debug|Any CPU
		{D24A61B6-36C1-4418-8BD9-9E8CBDAFE7F4}.Debug|x86.Build.0 = Debug|Any CPU
		{D24A61B6-36C1-4418-8BD9-9E8CBDAFE7F4}.Release|Any CPU.ActiveCfg = Release|Any CPU
		{D24A61B6-36C1-4418-8BD9-9E8CBDAFE7F4}.Release|Any CPU.Build.0 = Release|Any CPU
		{D24A61B6-36C1-4418-8BD9-9E8CBDAFE7F4}.Release|ARM.ActiveCfg = Release|Any CPU
		{D24A61B6-36C1-4418-8BD9-9E8CBDAFE7F4}.Release|ARM.Build.0 = Release|Any CPU
		{D24A61B6-36C1-4418-8BD9-9E8CBDAFE7F4}.Release|x64.ActiveCfg = Release|Any CPU
		{D24A61B6-36C1-4418-8BD9-9E8CBDAFE7F4}.Release|x64.Build.0 = Release|Any CPU
		{D24A61B6-36C1-4418-8BD9-9E8CBDAFE7F4}.Release|x86.ActiveCfg = Release|Any CPU
		{D24A61B6-36C1-4418-8BD9-9E8CBDAFE7F4}.Release|x86.Build.0 = Release|Any CPU
		{96BAEBB1-DD86-455C-BCD1-DCD7B435C36B}.Debug|Any CPU.ActiveCfg = Debug|Any CPU
		{96BAEBB1-DD86-455C-BCD1-DCD7B435C36B}.Debug|Any CPU.Build.0 = Debug|Any CPU
		{96BAEBB1-DD86-455C-BCD1-DCD7B435C36B}.Debug|ARM.ActiveCfg = Debug|Any CPU
		{96BAEBB1-DD86-455C-BCD1-DCD7B435C36B}.Debug|ARM.Build.0 = Debug|Any CPU
		{96BAEBB1-DD86-455C-BCD1-DCD7B435C36B}.Debug|x64.ActiveCfg = Debug|Any CPU
		{96BAEBB1-DD86-455C-BCD1-DCD7B435C36B}.Debug|x64.Build.0 = Debug|Any CPU
		{96BAEBB1-DD86-455C-BCD1-DCD7B435C36B}.Debug|x86.ActiveCfg = Debug|Any CPU
		{96BAEBB1-DD86-455C-BCD1-DCD7B435C36B}.Debug|x86.Build.0 = Debug|Any CPU
		{96BAEBB1-DD86-455C-BCD1-DCD7B435C36B}.Release|Any CPU.ActiveCfg = Release|Any CPU
		{96BAEBB1-DD86-455C-BCD1-DCD7B435C36B}.Release|Any CPU.Build.0 = Release|Any CPU
		{96BAEBB1-DD86-455C-BCD1-DCD7B435C36B}.Release|ARM.ActiveCfg = Release|Any CPU
		{96BAEBB1-DD86-455C-BCD1-DCD7B435C36B}.Release|ARM.Build.0 = Release|Any CPU
		{96BAEBB1-DD86-455C-BCD1-DCD7B435C36B}.Release|x64.ActiveCfg = Release|Any CPU
		{96BAEBB1-DD86-455C-BCD1-DCD7B435C36B}.Release|x64.Build.0 = Release|Any CPU
		{96BAEBB1-DD86-455C-BCD1-DCD7B435C36B}.Release|x86.ActiveCfg = Release|Any CPU
		{96BAEBB1-DD86-455C-BCD1-DCD7B435C36B}.Release|x86.Build.0 = Release|Any CPU
		{3C9C58DD-48C9-47E9-95F0-3A23718B362E}.Debug|Any CPU.ActiveCfg = Debug|Any CPU
		{3C9C58DD-48C9-47E9-95F0-3A23718B362E}.Debug|Any CPU.Build.0 = Debug|Any CPU
		{3C9C58DD-48C9-47E9-95F0-3A23718B362E}.Debug|ARM.ActiveCfg = Debug|Any CPU
		{3C9C58DD-48C9-47E9-95F0-3A23718B362E}.Debug|ARM.Build.0 = Debug|Any CPU
		{3C9C58DD-48C9-47E9-95F0-3A23718B362E}.Debug|x64.ActiveCfg = Debug|Any CPU
		{3C9C58DD-48C9-47E9-95F0-3A23718B362E}.Debug|x64.Build.0 = Debug|Any CPU
		{3C9C58DD-48C9-47E9-95F0-3A23718B362E}.Debug|x86.ActiveCfg = Debug|Any CPU
		{3C9C58DD-48C9-47E9-95F0-3A23718B362E}.Debug|x86.Build.0 = Debug|Any CPU
		{3C9C58DD-48C9-47E9-95F0-3A23718B362E}.Release|Any CPU.ActiveCfg = Release|Any CPU
		{3C9C58DD-48C9-47E9-95F0-3A23718B362E}.Release|Any CPU.Build.0 = Release|Any CPU
		{3C9C58DD-48C9-47E9-95F0-3A23718B362E}.Release|ARM.ActiveCfg = Release|Any CPU
		{3C9C58DD-48C9-47E9-95F0-3A23718B362E}.Release|ARM.Build.0 = Release|Any CPU
		{3C9C58DD-48C9-47E9-95F0-3A23718B362E}.Release|x64.ActiveCfg = Release|Any CPU
		{3C9C58DD-48C9-47E9-95F0-3A23718B362E}.Release|x64.Build.0 = Release|Any CPU
		{3C9C58DD-48C9-47E9-95F0-3A23718B362E}.Release|x86.ActiveCfg = Release|Any CPU
		{3C9C58DD-48C9-47E9-95F0-3A23718B362E}.Release|x86.Build.0 = Release|Any CPU
		{E720F2DB-5C05-4E59-AFAB-9834CE2D575B}.Debug|Any CPU.ActiveCfg = Debug|Any CPU
		{E720F2DB-5C05-4E59-AFAB-9834CE2D575B}.Debug|Any CPU.Build.0 = Debug|Any CPU
		{E720F2DB-5C05-4E59-AFAB-9834CE2D575B}.Debug|ARM.ActiveCfg = Debug|Any CPU
		{E720F2DB-5C05-4E59-AFAB-9834CE2D575B}.Debug|ARM.Build.0 = Debug|Any CPU
		{E720F2DB-5C05-4E59-AFAB-9834CE2D575B}.Debug|x64.ActiveCfg = Debug|Any CPU
		{E720F2DB-5C05-4E59-AFAB-9834CE2D575B}.Debug|x64.Build.0 = Debug|Any CPU
		{E720F2DB-5C05-4E59-AFAB-9834CE2D575B}.Debug|x86.ActiveCfg = Debug|Any CPU
		{E720F2DB-5C05-4E59-AFAB-9834CE2D575B}.Debug|x86.Build.0 = Debug|Any CPU
		{E720F2DB-5C05-4E59-AFAB-9834CE2D575B}.Release|Any CPU.ActiveCfg = Release|Any CPU
		{E720F2DB-5C05-4E59-AFAB-9834CE2D575B}.Release|Any CPU.Build.0 = Release|Any CPU
		{E720F2DB-5C05-4E59-AFAB-9834CE2D575B}.Release|ARM.ActiveCfg = Release|Any CPU
		{E720F2DB-5C05-4E59-AFAB-9834CE2D575B}.Release|ARM.Build.0 = Release|Any CPU
		{E720F2DB-5C05-4E59-AFAB-9834CE2D575B}.Release|x64.ActiveCfg = Release|Any CPU
		{E720F2DB-5C05-4E59-AFAB-9834CE2D575B}.Release|x64.Build.0 = Release|Any CPU
		{E720F2DB-5C05-4E59-AFAB-9834CE2D575B}.Release|x86.ActiveCfg = Release|Any CPU
		{E720F2DB-5C05-4E59-AFAB-9834CE2D575B}.Release|x86.Build.0 = Release|Any CPU
		{65104BA2-77B6-42AF-AFFE-96B44536F7E2}.Debug|Any CPU.ActiveCfg = Debug|Any CPU
		{65104BA2-77B6-42AF-AFFE-96B44536F7E2}.Debug|Any CPU.Build.0 = Debug|Any CPU
		{65104BA2-77B6-42AF-AFFE-96B44536F7E2}.Debug|ARM.ActiveCfg = Debug|Any CPU
		{65104BA2-77B6-42AF-AFFE-96B44536F7E2}.Debug|ARM.Build.0 = Debug|Any CPU
		{65104BA2-77B6-42AF-AFFE-96B44536F7E2}.Debug|x64.ActiveCfg = Debug|Any CPU
		{65104BA2-77B6-42AF-AFFE-96B44536F7E2}.Debug|x64.Build.0 = Debug|Any CPU
		{65104BA2-77B6-42AF-AFFE-96B44536F7E2}.Debug|x86.ActiveCfg = Debug|Any CPU
		{65104BA2-77B6-42AF-AFFE-96B44536F7E2}.Debug|x86.Build.0 = Debug|Any CPU
		{65104BA2-77B6-42AF-AFFE-96B44536F7E2}.Release|Any CPU.ActiveCfg = Release|Any CPU
		{65104BA2-77B6-42AF-AFFE-96B44536F7E2}.Release|Any CPU.Build.0 = Release|Any CPU
		{65104BA2-77B6-42AF-AFFE-96B44536F7E2}.Release|ARM.ActiveCfg = Release|Any CPU
		{65104BA2-77B6-42AF-AFFE-96B44536F7E2}.Release|ARM.Build.0 = Release|Any CPU
		{65104BA2-77B6-42AF-AFFE-96B44536F7E2}.Release|x64.ActiveCfg = Release|Any CPU
		{65104BA2-77B6-42AF-AFFE-96B44536F7E2}.Release|x64.Build.0 = Release|Any CPU
		{65104BA2-77B6-42AF-AFFE-96B44536F7E2}.Release|x86.ActiveCfg = Release|Any CPU
		{65104BA2-77B6-42AF-AFFE-96B44536F7E2}.Release|x86.Build.0 = Release|Any CPU
		{ADC2D42A-2F39-40CB-95B3-08EC2F785D32}.Debug|Any CPU.ActiveCfg = Debug|Any CPU
		{ADC2D42A-2F39-40CB-95B3-08EC2F785D32}.Debug|Any CPU.Build.0 = Debug|Any CPU
		{ADC2D42A-2F39-40CB-95B3-08EC2F785D32}.Debug|ARM.ActiveCfg = Debug|Any CPU
		{ADC2D42A-2F39-40CB-95B3-08EC2F785D32}.Debug|ARM.Build.0 = Debug|Any CPU
		{ADC2D42A-2F39-40CB-95B3-08EC2F785D32}.Debug|x64.ActiveCfg = Debug|Any CPU
		{ADC2D42A-2F39-40CB-95B3-08EC2F785D32}.Debug|x64.Build.0 = Debug|Any CPU
		{ADC2D42A-2F39-40CB-95B3-08EC2F785D32}.Debug|x86.ActiveCfg = Debug|Any CPU
		{ADC2D42A-2F39-40CB-95B3-08EC2F785D32}.Debug|x86.Build.0 = Debug|Any CPU
		{ADC2D42A-2F39-40CB-95B3-08EC2F785D32}.Release|Any CPU.ActiveCfg = Release|Any CPU
		{ADC2D42A-2F39-40CB-95B3-08EC2F785D32}.Release|Any CPU.Build.0 = Release|Any CPU
		{ADC2D42A-2F39-40CB-95B3-08EC2F785D32}.Release|ARM.ActiveCfg = Release|Any CPU
		{ADC2D42A-2F39-40CB-95B3-08EC2F785D32}.Release|ARM.Build.0 = Release|Any CPU
		{ADC2D42A-2F39-40CB-95B3-08EC2F785D32}.Release|x64.ActiveCfg = Release|Any CPU
		{ADC2D42A-2F39-40CB-95B3-08EC2F785D32}.Release|x64.Build.0 = Release|Any CPU
		{ADC2D42A-2F39-40CB-95B3-08EC2F785D32}.Release|x86.ActiveCfg = Release|Any CPU
		{ADC2D42A-2F39-40CB-95B3-08EC2F785D32}.Release|x86.Build.0 = Release|Any CPU
	EndGlobalSection
	GlobalSection(SolutionProperties) = preSolution
		HideSolutionNode = FALSE
	EndGlobalSection
EndGlobal
